
Microsoft Visual Studio Solution File, Format Version 12.00
# Visual Studio Version 16
VisualStudioVersion = 16.0.29609.76
MinimumVisualStudioVersion = 10.0.40219.1
Project("{FAE04EC0-301F-11D3-BF4B-00C04F79EFBC}") = "2BLab1", "2BLab1.csproj", "{F1F2512A-71D7-4AD8-9B18-99C3BF5F9C29}"
EndProject
Global
	GlobalSection(SolutionConfigurationPlatforms) = preSolution
		Debug|Any CPU = Debug|Any CPU
		Release|Any CPU = Release|Any CPU
	EndGlobalSection
	GlobalSection(ProjectConfigurationPlatforms) = postSolution
		{F1F2512A-71D7-4AD8-9B18-99C3BF5F9C29}.Debug|Any CPU.ActiveCfg = Debug|Any CPU
		{F1F2512A-71D7-4AD8-9B18-99C3BF5F9C29}.Debug|Any CPU.Build.0 = Debug|Any CPU
		{F1F2512A-71D7-4AD8-9B18-99C3BF5F9C29}.Release|Any CPU.ActiveCfg = Release|Any CPU
		{F1F2512A-71D7-4AD8-9B18-99C3BF5F9C29}.Release|Any CPU.Build.0 = Release|Any CPU
	EndGlobalSection
	GlobalSection(SolutionProperties) = preSolution
		HideSolutionNode = FALSE
	EndGlobalSection
	GlobalSection(ExtensibilityGlobals) = postSolution
		SolutionGuid = {AA02D874-B4AB-4A9A-B3F9-18A808FCAC75}
	EndGlobalSection
EndGlobal
